
Microsoft Visual Studio Solution File, Format Version 12.00
# Visual Studio Version 16
VisualStudioVersion = 16.0.30406.217
MinimumVisualStudioVersion = 10.0.40219.1
Project("{9A19103F-16F7-4668-BE54-9A1E7A4F7556}") = "Day3IntroToConditionalStatements", "Day3IntroToConditionalStatements\Day3IntroToConditionalStatements.csproj", "{90BE0CA3-560D-424F-BF44-D4666BDD2A26}"
EndProject
Project("{9A19103F-16F7-4668-BE54-9A1E7A4F7556}") = "Day4ClassVsInstance", "Day4ClassVsInstance\Day4ClassVsInstance.csproj", "{7BF237DA-CB85-4208-8B75-B7248B29E6BF}"
EndProject
Project("{9A19103F-16F7-4668-BE54-9A1E7A4F7556}") = "Day5Loops", "Day5Loops\Day5Loops.csproj", "{40E2E130-9AF1-49B6-89CC-6DD9465C819C}"
EndProject
Project("{9A19103F-16F7-4668-BE54-9A1E7A4F7556}") = "Day12Inheritance", "Day12Inheritance\Day12Inheritance.csproj", "{4FC91E10-C56C-413A-8A04-C1ABDF5411AB}"
EndProject
Project("{9A19103F-16F7-4668-BE54-9A1E7A4F7556}") = "Day13AbstractClasses", "Day13AbstractClasses\Day13AbstractClasses.csproj", "{F6D250A9-4B76-45DA-B7B6-72BA135DFDEC}"
EndProject
Project("{9A19103F-16F7-4668-BE54-9A1E7A4F7556}") = "Day14Scope", "Day14Scope\Day14Scope.csproj", "{7F9333CB-076D-46D9-84E2-46174930B782}"
EndProject
Project("{FAE04EC0-301F-11D3-BF4B-00C04F79EFBC}") = "Day15LinkedList", "Day15LinkedList\Day15LinkedList.csproj", "{92A7FE3D-DB61-4BDA-A65C-07F3CC1C93E2}"
EndProject
Global
	GlobalSection(SolutionConfigurationPlatforms) = preSolution
		Debug|Any CPU = Debug|Any CPU
		Release|Any CPU = Release|Any CPU
	EndGlobalSection
	GlobalSection(ProjectConfigurationPlatforms) = postSolution
		{90BE0CA3-560D-424F-BF44-D4666BDD2A26}.Debug|Any CPU.ActiveCfg = Debug|Any CPU
		{90BE0CA3-560D-424F-BF44-D4666BDD2A26}.Debug|Any CPU.Build.0 = Debug|Any CPU
		{90BE0CA3-560D-424F-BF44-D4666BDD2A26}.Release|Any CPU.ActiveCfg = Release|Any CPU
		{90BE0CA3-560D-424F-BF44-D4666BDD2A26}.Release|Any CPU.Build.0 = Release|Any CPU
		{7BF237DA-CB85-4208-8B75-B7248B29E6BF}.Debug|Any CPU.ActiveCfg = Debug|Any CPU
		{7BF237DA-CB85-4208-8B75-B7248B29E6BF}.Debug|Any CPU.Build.0 = Debug|Any CPU
		{7BF237DA-CB85-4208-8B75-B7248B29E6BF}.Release|Any CPU.ActiveCfg = Release|Any CPU
		{7BF237DA-CB85-4208-8B75-B7248B29E6BF}.Release|Any CPU.Build.0 = Release|Any CPU
		{40E2E130-9AF1-49B6-89CC-6DD9465C819C}.Debug|Any CPU.ActiveCfg = Debug|Any CPU
		{40E2E130-9AF1-49B6-89CC-6DD9465C819C}.Debug|Any CPU.Build.0 = Debug|Any CPU
		{40E2E130-9AF1-49B6-89CC-6DD9465C819C}.Release|Any CPU.ActiveCfg = Release|Any CPU
		{40E2E130-9AF1-49B6-89CC-6DD9465C819C}.Release|Any CPU.Build.0 = Release|Any CPU
		{4FC91E10-C56C-413A-8A04-C1ABDF5411AB}.Debug|Any CPU.ActiveCfg = Debug|Any CPU
		{4FC91E10-C56C-413A-8A04-C1ABDF5411AB}.Debug|Any CPU.Build.0 = Debug|Any CPU
		{4FC91E10-C56C-413A-8A04-C1ABDF5411AB}.Release|Any CPU.ActiveCfg = Release|Any CPU
		{4FC91E10-C56C-413A-8A04-C1ABDF5411AB}.Release|Any CPU.Build.0 = Release|Any CPU
		{F6D250A9-4B76-45DA-B7B6-72BA135DFDEC}.Debug|Any CPU.ActiveCfg = Debug|Any CPU
		{F6D250A9-4B76-45DA-B7B6-72BA135DFDEC}.Debug|Any CPU.Build.0 = Debug|Any CPU
		{F6D250A9-4B76-45DA-B7B6-72BA135DFDEC}.Release|Any CPU.ActiveCfg = Release|Any CPU
		{F6D250A9-4B76-45DA-B7B6-72BA135DFDEC}.Release|Any CPU.Build.0 = Release|Any CPU
		{7F9333CB-076D-46D9-84E2-46174930B782}.Debug|Any CPU.ActiveCfg = Debug|Any CPU
		{7F9333CB-076D-46D9-84E2-46174930B782}.Debug|Any CPU.Build.0 = Debug|Any CPU
		{7F9333CB-076D-46D9-84E2-46174930B782}.Release|Any CPU.ActiveCfg = Release|Any CPU
		{7F9333CB-076D-46D9-84E2-46174930B782}.Release|Any CPU.Build.0 = Release|Any CPU
		{92A7FE3D-DB61-4BDA-A65C-07F3CC1C93E2}.Debug|Any CPU.ActiveCfg = Debug|Any CPU
		{92A7FE3D-DB61-4BDA-A65C-07F3CC1C93E2}.Debug|Any CPU.Build.0 = Debug|Any CPU
		{92A7FE3D-DB61-4BDA-A65C-07F3CC1C93E2}.Release|Any CPU.ActiveCfg = Release|Any CPU
		{92A7FE3D-DB61-4BDA-A65C-07F3CC1C93E2}.Release|Any CPU.Build.0 = Release|Any CPU
	EndGlobalSection
	GlobalSection(SolutionProperties) = preSolution
		HideSolutionNode = FALSE
	EndGlobalSection
	GlobalSection(ExtensibilityGlobals) = postSolution
		SolutionGuid = {842F80C4-98FA-4DB4-973F-C2743CD029D4}
	EndGlobalSection
EndGlobal
